{
  "name": "test-msg-files",
  "version": "1.0.0",
  "lockfileVersion": 3,
  "requires": true,
  "packages": {
    "": {
      "name": "test-msg-files",
      "version": "1.0.0",
      "license": "ISC",
      "dependencies": {
        "@kenjiuno/decompressrtf": "^0.1.4",
        "@kenjiuno/msgreader": "^1.22.0",
        "iconv-lite": "^0.6.3",
        "rtf-stream-parser": "^3.8.0"
      }
    },
    "node_modules/@kenjiuno/decompressrtf": {
      "version": "0.1.4",
      "resolved": "https://registry.npmjs.org/@kenjiuno/decompressrtf/-/decompressrtf-0.1.4.tgz",
      "integrity": "sha512-v9c/iFz17jRWyd2cRnrvJg4VOg/4I/VCk+bG8JnoX2gJ9sAesPzo3uTqcmlVXdpasTI8hChpBVw00pghKe3qTQ=="
    },
    "node_modules/@kenjiuno/msgreader": {
      "version": "1.22.0",
      "resolved": "https://registry.npmjs.org/@kenjiuno/msgreader/-/msgreader-1.22.0.tgz",
      "integrity": "sha512-uhImwxvKLSxER8+ikuKpI2mnX7viL+POSnKAgDCFx+sVuRTD9/KkHFH1Gaw7EegVbCtDNKBTnECIK+GWxkpZRA==",
      "dependencies": {
        "@kenjiuno/decompressrtf": "^0.1.3",
        "iconv-lite": "^0.6.3"
      },
      "engines": {
        "node": ">= 10"
      }
    },
    "node_modules/iconv-lite": {
      "version": "0.6.3",
      "resolved": "https://registry.npmjs.org/iconv-lite/-/iconv-lite-0.6.3.tgz",
      "integrity": "sha512-4fCk79wshMdzMp2rH06qWrJE4iolqLhCUH+OiuIgU++RB0+94NlDL81atO7GX55uUKueo0txHNtvEyI6D7WdMw==",
      "dependencies": {
        "safer-buffer": ">= 2.1.2 < 3.0.0"
      },
      "engines": {
        "node": ">=0.10.0"
      }
    },
    "node_modules/rtf-stream-parser": {
      "version": "3.8.0",
      "resolved": "https://registry.npmjs.org/rtf-stream-parser/-/rtf-stream-parser-3.8.0.tgz",
      "integrity": "sha512-Hj+FWJ8IhywyxTy0/J1ZbPQLt1+2S8uagOwrU5u1WLBs2hSo0bOc4ZA06sWZHOypi22M60WAgkzUoTclWiqI2Q=="
    },
    "node_modules/safer-buffer": {
      "version": "2.1.2",
      "resolved": "https://registry.npmjs.org/safer-buffer/-/safer-buffer-2.1.2.tgz",
      "integrity": "sha512-YZo3K82SD7Riyi0E1EQPojLz7kpepnSQI9IyPbHHg1XXXevb5dJI7tpyN2ADxGcQbHG7vcyRHk0cbwqcQriUtg=="
    }
  }
}
